
Microsoft Visual Studio Solution File, Format Version 12.00
# Visual Studio 15
VisualStudioVersion = 15.0.26730.12
MinimumVisualStudioVersion = 10.0.40219.1
Project("{FAE04EC0-301F-11D3-BF4B-00C04F79EFBC}") = "TicketBookingSystem", "TicketBookingSystem\TicketBookingSystem.csproj", "{A04E0164-557A-48A9-8DB2-24D8C3265493}"
EndProject
Global
	GlobalSection(SolutionConfigurationPlatforms) = preSolution
		Debug|Any CPU = Debug|Any CPU
		Release|Any CPU = Release|Any CPU
	EndGlobalSection
	GlobalSection(ProjectConfigurationPlatforms) = postSolution
		{A04E0164-557A-48A9-8DB2-24D8C3265493}.Debug|Any CPU.ActiveCfg = Debug|Any CPU
		{A04E0164-557A-48A9-8DB2-24D8C3265493}.Debug|Any CPU.Build.0 = Debug|Any CPU
		{A04E0164-557A-48A9-8DB2-24D8C3265493}.Release|Any CPU.ActiveCfg = Release|Any CPU
		{A04E0164-557A-48A9-8DB2-24D8C3265493}.Release|Any CPU.Build.0 = Release|Any CPU
	EndGlobalSection
	GlobalSection(SolutionProperties) = preSolution
		HideSolutionNode = FALSE
	EndGlobalSection
	GlobalSection(ExtensibilityGlobals) = postSolution
		SolutionGuid = {534D768C-E1D8-4502-8F54-C6632FFAA2B2}
	EndGlobalSection
EndGlobal
